
Microsoft Visual Studio Solution File, Format Version 12.00
# Visual Studio Version 16
VisualStudioVersion = 16.0.29709.97
MinimumVisualStudioVersion = 10.0.40219.1
Project("{FAE04EC0-301F-11D3-BF4B-00C04F79EFBC}") = "WebApiWithPostGress", "WebApiWithPostGress.csproj", "{5959CD8A-E3A6-48C6-BCB6-E45A80E610DC}"
EndProject
Global
	GlobalSection(SolutionConfigurationPlatforms) = preSolution
		Debug|Any CPU = Debug|Any CPU
		Release|Any CPU = Release|Any CPU
	EndGlobalSection
	GlobalSection(ProjectConfigurationPlatforms) = postSolution
		{5959CD8A-E3A6-48C6-BCB6-E45A80E610DC}.Debug|Any CPU.ActiveCfg = Debug|Any CPU
		{5959CD8A-E3A6-48C6-BCB6-E45A80E610DC}.Debug|Any CPU.Build.0 = Debug|Any CPU
		{5959CD8A-E3A6-48C6-BCB6-E45A80E610DC}.Release|Any CPU.ActiveCfg = Release|Any CPU
		{5959CD8A-E3A6-48C6-BCB6-E45A80E610DC}.Release|Any CPU.Build.0 = Release|Any CPU
	EndGlobalSection
	GlobalSection(SolutionProperties) = preSolution
		HideSolutionNode = FALSE
	EndGlobalSection
	GlobalSection(ExtensibilityGlobals) = postSolution
		SolutionGuid = {13AD5EF1-41DE-45BB-B731-07BF1FD26561}
	EndGlobalSection
EndGlobal
